
Microsoft Visual Studio Solution File, Format Version 12.00
# Visual Studio 14
VisualStudioVersion = 14.0.23107.0
MinimumVisualStudioVersion = 10.0.40219.1
Project("{FAE04EC0-301F-11D3-BF4B-00C04F79EFBC}") = "Model", "Model\Model.csproj", "{E853DCE6-485E-47A3-B7FA-5EBC6D223C19}"
EndProject
Project("{FAE04EC0-301F-11D3-BF4B-00C04F79EFBC}") = "PublicHelper", "PublicHelper\PublicHelper.csproj", "{0E7C6DC8-A25F-4127-887A-89E007392997}"
EndProject
Project("{FAE04EC0-301F-11D3-BF4B-00C04F79EFBC}") = "EmailTask", "EmailTask\EmailTask.csproj", "{B3732C5F-A4DB-48DD-BFDA-382D2274D3A7}"
EndProject
Project("{FAE04EC0-301F-11D3-BF4B-00C04F79EFBC}") = "MuZiYangNote", "MuZiYangNote\MuZiYangNote.csproj", "{BD0B641B-5D6D-4B69-8A3B-2EF5B9BF8BA6}"
EndProject
Project("{FAE04EC0-301F-11D3-BF4B-00C04F79EFBC}") = "KSharpEditor", "kwig-master\KSharpEditor.csproj", "{3C07F543-3D96-4AC2-97B4-FF399FE558EC}"
EndProject
Global
	GlobalSection(SolutionConfigurationPlatforms) = preSolution
		Debug|Any CPU = Debug|Any CPU
		Debug|x86 = Debug|x86
		Release|Any CPU = Release|Any CPU
		Release|x86 = Release|x86
	EndGlobalSection
	GlobalSection(ProjectConfigurationPlatforms) = postSolution
		{E853DCE6-485E-47A3-B7FA-5EBC6D223C19}.Debug|Any CPU.ActiveCfg = Debug|Any CPU
		{E853DCE6-485E-47A3-B7FA-5EBC6D223C19}.Debug|Any CPU.Build.0 = Debug|Any CPU
		{E853DCE6-485E-47A3-B7FA-5EBC6D223C19}.Debug|x86.ActiveCfg = Debug|Any CPU
		{E853DCE6-485E-47A3-B7FA-5EBC6D223C19}.Debug|x86.Build.0 = Debug|Any CPU
		{E853DCE6-485E-47A3-B7FA-5EBC6D223C19}.Release|Any CPU.ActiveCfg = Release|Any CPU
		{E853DCE6-485E-47A3-B7FA-5EBC6D223C19}.Release|Any CPU.Build.0 = Release|Any CPU
		{E853DCE6-485E-47A3-B7FA-5EBC6D223C19}.Release|x86.ActiveCfg = Release|Any CPU
		{E853DCE6-485E-47A3-B7FA-5EBC6D223C19}.Release|x86.Build.0 = Release|Any CPU
		{0E7C6DC8-A25F-4127-887A-89E007392997}.Debug|Any CPU.ActiveCfg = Debug|Any CPU
		{0E7C6DC8-A25F-4127-887A-89E007392997}.Debug|Any CPU.Build.0 = Debug|Any CPU
		{0E7C6DC8-A25F-4127-887A-89E007392997}.Debug|x86.ActiveCfg = Debug|Any CPU
		{0E7C6DC8-A25F-4127-887A-89E007392997}.Debug|x86.Build.0 = Debug|Any CPU
		{0E7C6DC8-A25F-4127-887A-89E007392997}.Release|Any CPU.ActiveCfg = Release|Any CPU
		{0E7C6DC8-A25F-4127-887A-89E007392997}.Release|Any CPU.Build.0 = Release|Any CPU
		{0E7C6DC8-A25F-4127-887A-89E007392997}.Release|x86.ActiveCfg = Release|Any CPU
		{0E7C6DC8-A25F-4127-887A-89E007392997}.Release|x86.Build.0 = Release|Any CPU
		{B3732C5F-A4DB-48DD-BFDA-382D2274D3A7}.Debug|Any CPU.ActiveCfg = Debug|Any CPU
		{B3732C5F-A4DB-48DD-BFDA-382D2274D3A7}.Debug|Any CPU.Build.0 = Debug|Any CPU
		{B3732C5F-A4DB-48DD-BFDA-382D2274D3A7}.Debug|x86.ActiveCfg = Debug|Any CPU
		{B3732C5F-A4DB-48DD-BFDA-382D2274D3A7}.Debug|x86.Build.0 = Debug|Any CPU
		{B3732C5F-A4DB-48DD-BFDA-382D2274D3A7}.Release|Any CPU.ActiveCfg = Release|Any CPU
		{B3732C5F-A4DB-48DD-BFDA-382D2274D3A7}.Release|Any CPU.Build.0 = Release|Any CPU
		{B3732C5F-A4DB-48DD-BFDA-382D2274D3A7}.Release|x86.ActiveCfg = Release|Any CPU
		{B3732C5F-A4DB-48DD-BFDA-382D2274D3A7}.Release|x86.Build.0 = Release|Any CPU
		{BD0B641B-5D6D-4B69-8A3B-2EF5B9BF8BA6}.Debug|Any CPU.ActiveCfg = Debug|Any CPU
		{BD0B641B-5D6D-4B69-8A3B-2EF5B9BF8BA6}.Debug|Any CPU.Build.0 = Debug|Any CPU
		{BD0B641B-5D6D-4B69-8A3B-2EF5B9BF8BA6}.Debug|x86.ActiveCfg = Debug|Any CPU
		{BD0B641B-5D6D-4B69-8A3B-2EF5B9BF8BA6}.Debug|x86.Build.0 = Debug|Any CPU
		{BD0B641B-5D6D-4B69-8A3B-2EF5B9BF8BA6}.Release|Any CPU.ActiveCfg = Release|Any CPU
		{BD0B641B-5D6D-4B69-8A3B-2EF5B9BF8BA6}.Release|Any CPU.Build.0 = Release|Any CPU
		{BD0B641B-5D6D-4B69-8A3B-2EF5B9BF8BA6}.Release|x86.ActiveCfg = Release|Any CPU
		{BD0B641B-5D6D-4B69-8A3B-2EF5B9BF8BA6}.Release|x86.Build.0 = Release|Any CPU
		{3C07F543-3D96-4AC2-97B4-FF399FE558EC}.Debug|Any CPU.ActiveCfg = Debug|Any CPU
		{3C07F543-3D96-4AC2-97B4-FF399FE558EC}.Debug|Any CPU.Build.0 = Debug|Any CPU
		{3C07F543-3D96-4AC2-97B4-FF399FE558EC}.Debug|x86.ActiveCfg = Debug|Any CPU
		{3C07F543-3D96-4AC2-97B4-FF399FE558EC}.Debug|x86.Build.0 = Debug|Any CPU
		{3C07F543-3D96-4AC2-97B4-FF399FE558EC}.Release|Any CPU.ActiveCfg = Release|Any CPU
		{3C07F543-3D96-4AC2-97B4-FF399FE558EC}.Release|Any CPU.Build.0 = Release|Any CPU
		{3C07F543-3D96-4AC2-97B4-FF399FE558EC}.Release|x86.ActiveCfg = Release|Any CPU
		{3C07F543-3D96-4AC2-97B4-FF399FE558EC}.Release|x86.Build.0 = Release|Any CPU
	EndGlobalSection
	GlobalSection(SolutionProperties) = preSolution
		HideSolutionNode = FALSE
	EndGlobalSection
EndGlobal
